
Microsoft Visual Studio Solution File, Format Version 12.00
# Visual Studio Version 16
VisualStudioVersion = 16.0.30114.105
MinimumVisualStudioVersion = 10.0.40219.1
Project("{2150E333-8FDC-42A3-9474-1A3956D46DE8}") = "src", "src", "{21193F06-0B89-45EF-B81F-26CC8D844AE5}"
EndProject
Project("{FAE04EC0-301F-11D3-BF4B-00C04F79EFBC}") = "CommandAPI", "src\CommandAPI\CommandAPI.csproj", "{66BF92D6-16FE-447A-AB55-712F5CF11D94}"
EndProject
Project("{2150E333-8FDC-42A3-9474-1A3956D46DE8}") = "test", "test", "{5C126316-A7C1-4BF9-87E8-80D7CC9F7A3E}"
EndProject
Project("{FAE04EC0-301F-11D3-BF4B-00C04F79EFBC}") = "CommandAPI.Tests", "test\CommandAPI.Tests\CommandAPI.Tests.csproj", "{CAA73D58-6F94-4054-ADEA-C8BCABFA45AF}"
EndProject
Global
	GlobalSection(SolutionConfigurationPlatforms) = preSolution
		Debug|Any CPU = Debug|Any CPU
		Debug|x64 = Debug|x64
		Debug|x86 = Debug|x86
		Release|Any CPU = Release|Any CPU
		Release|x64 = Release|x64
		Release|x86 = Release|x86
	EndGlobalSection
	GlobalSection(SolutionProperties) = preSolution
		HideSolutionNode = FALSE
	EndGlobalSection
	GlobalSection(ProjectConfigurationPlatforms) = postSolution
		{66BF92D6-16FE-447A-AB55-712F5CF11D94}.Debug|Any CPU.ActiveCfg = Debug|Any CPU
		{66BF92D6-16FE-447A-AB55-712F5CF11D94}.Debug|Any CPU.Build.0 = Debug|Any CPU
		{66BF92D6-16FE-447A-AB55-712F5CF11D94}.Debug|x64.ActiveCfg = Debug|Any CPU
		{66BF92D6-16FE-447A-AB55-712F5CF11D94}.Debug|x64.Build.0 = Debug|Any CPU
		{66BF92D6-16FE-447A-AB55-712F5CF11D94}.Debug|x86.ActiveCfg = Debug|Any CPU
		{66BF92D6-16FE-447A-AB55-712F5CF11D94}.Debug|x86.Build.0 = Debug|Any CPU
		{66BF92D6-16FE-447A-AB55-712F5CF11D94}.Release|Any CPU.ActiveCfg = Release|Any CPU
		{66BF92D6-16FE-447A-AB55-712F5CF11D94}.Release|Any CPU.Build.0 = Release|Any CPU
		{66BF92D6-16FE-447A-AB55-712F5CF11D94}.Release|x64.ActiveCfg = Release|Any CPU
		{66BF92D6-16FE-447A-AB55-712F5CF11D94}.Release|x64.Build.0 = Release|Any CPU
		{66BF92D6-16FE-447A-AB55-712F5CF11D94}.Release|x86.ActiveCfg = Release|Any CPU
		{66BF92D6-16FE-447A-AB55-712F5CF11D94}.Release|x86.Build.0 = Release|Any CPU
		{CAA73D58-6F94-4054-ADEA-C8BCABFA45AF}.Debug|Any CPU.ActiveCfg = Debug|Any CPU
		{CAA73D58-6F94-4054-ADEA-C8BCABFA45AF}.Debug|Any CPU.Build.0 = Debug|Any CPU
		{CAA73D58-6F94-4054-ADEA-C8BCABFA45AF}.Debug|x64.ActiveCfg = Debug|Any CPU
		{CAA73D58-6F94-4054-ADEA-C8BCABFA45AF}.Debug|x64.Build.0 = Debug|Any CPU
		{CAA73D58-6F94-4054-ADEA-C8BCABFA45AF}.Debug|x86.ActiveCfg = Debug|Any CPU
		{CAA73D58-6F94-4054-ADEA-C8BCABFA45AF}.Debug|x86.Build.0 = Debug|Any CPU
		{CAA73D58-6F94-4054-ADEA-C8BCABFA45AF}.Release|Any CPU.ActiveCfg = Release|Any CPU
		{CAA73D58-6F94-4054-ADEA-C8BCABFA45AF}.Release|Any CPU.Build.0 = Release|Any CPU
		{CAA73D58-6F94-4054-ADEA-C8BCABFA45AF}.Release|x64.ActiveCfg = Release|Any CPU
		{CAA73D58-6F94-4054-ADEA-C8BCABFA45AF}.Release|x64.Build.0 = Release|Any CPU
		{CAA73D58-6F94-4054-ADEA-C8BCABFA45AF}.Release|x86.ActiveCfg = Release|Any CPU
		{CAA73D58-6F94-4054-ADEA-C8BCABFA45AF}.Release|x86.Build.0 = Release|Any CPU
	EndGlobalSection
	GlobalSection(NestedProjects) = preSolution
		{66BF92D6-16FE-447A-AB55-712F5CF11D94} = {21193F06-0B89-45EF-B81F-26CC8D844AE5}
		{CAA73D58-6F94-4054-ADEA-C8BCABFA45AF} = {5C126316-A7C1-4BF9-87E8-80D7CC9F7A3E}
	EndGlobalSection
EndGlobal
